{
  "lockfileVersion": 1,
  "workspaces": {
    "": {
      "name": "app",
      "devDependencies": {
        "@biomejs/biome": "2.2.4",
        "@types/bun": "latest",
        "turbo": "^2.5.6",
      },
      "peerDependencies": {
        "typescript": "^5",
      },
    },
    "client": {
      "name": "client",
      "version": "0.0.0",
      "dependencies": {
        "@orpc/client": "^1.8.9",
        "@orpc/tanstack-query": "^1.8.9",
        "@tanstack/react-query": "^5.90.1",
        "react": "^19.1.1",
        "react-dom": "^19.1.1",
      },
    },
    "server": {
      "name": "server",
      "version": "0.0.0",
      "dependencies": {
        "@orpc/server": "^1.8.9",
        "zod": "^4.1.11",
      },
      "peerDependencies": {
        "typescript": "^5.8.3",
      },
    },
  },
  "packages": {
    "@biomejs/biome": ["@biomejs/biome@2.2.4", "", { "optionalDependencies": { "@biomejs/cli-darwin-arm64": "2.2.4", "@biomejs/cli-darwin-x64": "2.2.4", "@biomejs/cli-linux-arm64": "2.2.4", "@biomejs/cli-linux-arm64-musl": "2.2.4", "@biomejs/cli-linux-x64": "2.2.4", "@biomejs/cli-linux-x64-musl": "2.2.4", "@biomejs/cli-win32-arm64": "2.2.4", "@biomejs/cli-win32-x64": "2.2.4" }, "bin": { "biome": "bin/biome" } }, "sha512-TBHU5bUy/Ok6m8c0y3pZiuO/BZoY/OcGxoLlrfQof5s8ISVwbVBdFINPQZyFfKwil8XibYWb7JMwnT8wT4WVPg=="],

    "@biomejs/cli-darwin-arm64": ["@biomejs/cli-darwin-arm64@2.2.4", "", { "os": "darwin", "cpu": "arm64" }, "sha512-RJe2uiyaloN4hne4d2+qVj3d3gFJFbmrr5PYtkkjei1O9c+BjGXgpUPVbi8Pl8syumhzJjFsSIYkcLt2VlVLMA=="],

    "@biomejs/cli-darwin-x64": ["@biomejs/cli-darwin-x64@2.2.4", "", { "os": "darwin", "cpu": "x64" }, "sha512-cFsdB4ePanVWfTnPVaUX+yr8qV8ifxjBKMkZwN7gKb20qXPxd/PmwqUH8mY5wnM9+U0QwM76CxFyBRJhC9tQwg=="],

    "@biomejs/cli-linux-arm64": ["@biomejs/cli-linux-arm64@2.2.4", "", { "os": "linux", "cpu": "arm64" }, "sha512-M/Iz48p4NAzMXOuH+tsn5BvG/Jb07KOMTdSVwJpicmhN309BeEyRyQX+n1XDF0JVSlu28+hiTQ2L4rZPvu7nMw=="],

    "@biomejs/cli-linux-arm64-musl": ["@biomejs/cli-linux-arm64-musl@2.2.4", "", { "os": "linux", "cpu": "arm64" }, "sha512-7TNPkMQEWfjvJDaZRSkDCPT/2r5ESFPKx+TEev+I2BXDGIjfCZk2+b88FOhnJNHtksbOZv8ZWnxrA5gyTYhSsQ=="],

    "@biomejs/cli-linux-x64": ["@biomejs/cli-linux-x64@2.2.4", "", { "os": "linux", "cpu": "x64" }, "sha512-orr3nnf2Dpb2ssl6aihQtvcKtLySLta4E2UcXdp7+RTa7mfJjBgIsbS0B9GC8gVu0hjOu021aU8b3/I1tn+pVQ=="],

    "@biomejs/cli-linux-x64-musl": ["@biomejs/cli-linux-x64-musl@2.2.4", "", { "os": "linux", "cpu": "x64" }, "sha512-m41nFDS0ksXK2gwXL6W6yZTYPMH0LughqbsxInSKetoH6morVj43szqKx79Iudkp8WRT5SxSh7qVb8KCUiewGg=="],

    "@biomejs/cli-win32-arm64": ["@biomejs/cli-win32-arm64@2.2.4", "", { "os": "win32", "cpu": "arm64" }, "sha512-NXnfTeKHDFUWfxAefa57DiGmu9VyKi0cDqFpdI+1hJWQjGJhJutHPX0b5m+eXvTKOaf+brU+P0JrQAZMb5yYaQ=="],

    "@biomejs/cli-win32-x64": ["@biomejs/cli-win32-x64@2.2.4", "", { "os": "win32", "cpu": "x64" }, "sha512-3Y4V4zVRarVh/B/eSHczR4LYoSVyv3Dfuvm3cWs5w/HScccS0+Wt/lHOcDTRYeHjQmMYVC3rIRWqyN2EI52+zg=="],

    "@orpc/client": ["@orpc/client@1.8.9", "", { "dependencies": { "@orpc/shared": "1.8.9", "@orpc/standard-server": "1.8.9", "@orpc/standard-server-fetch": "1.8.9", "@orpc/standard-server-peer": "1.8.9" } }, "sha512-Sn/kRmiWYnMvpSv6lQ6XCRxVfBxmO2z9y0m92TxVgkk37VAegf9Qs4+OnP7ELsy7Nn9qn+Nyo5fJNWeQmyFsWg=="],

    "@orpc/contract": ["@orpc/contract@1.8.9", "", { "dependencies": { "@orpc/client": "1.8.9", "@orpc/shared": "1.8.9", "@standard-schema/spec": "^1.0.0", "openapi-types": "^12.1.3" } }, "sha512-DRYU3fOvUYO5CBdKG/CynMif36JTAej0rNgVLYHr2hXuaWkt8xqdZPl4GdMjP8ybsI204MawmERx9YwbhLcZ5A=="],

    "@orpc/interop": ["@orpc/interop@1.8.9", "", {}, "sha512-S5fk+G9cVzRCfsvrs36woOjjgXGNFB9/TCEQsF6ZEDt0XGIodT8DS7UUWT7NzJsKvq61cR4NAAxvsejWZnaSlg=="],

    "@orpc/server": ["@orpc/server@1.8.9", "", { "dependencies": { "@orpc/client": "1.8.9", "@orpc/contract": "1.8.9", "@orpc/interop": "1.8.9", "@orpc/shared": "1.8.9", "@orpc/standard-server": "1.8.9", "@orpc/standard-server-aws-lambda": "1.8.9", "@orpc/standard-server-fetch": "1.8.9", "@orpc/standard-server-node": "1.8.9", "@orpc/standard-server-peer": "1.8.9", "cookie": "^1.0.2" }, "peerDependencies": { "crossws": ">=0.3.4", "ws": ">=8.18.1" }, "optionalPeers": ["crossws", "ws"] }, "sha512-VkTdiU5ED2Csj3NYcHg26T+naU0A9qv18/XidPwAlncmLuUNOG2B7LFBFVlRCTBxHzGkA3tUfZHBcH/r408sUQ=="],

    "@orpc/shared": ["@orpc/shared@1.8.9", "", { "dependencies": { "radash": "^12.1.1", "type-fest": "^4.39.1" }, "peerDependencies": { "@opentelemetry/api": ">=1.9.0" }, "optionalPeers": ["@opentelemetry/api"] }, "sha512-tQgE8FBrlIztzb/QuQFgFM87bA0xnoM87aXD8A51/glS5P29Vw5Y56XsAiIstvZ3euVxuFTVjCEREQnXkfzTYw=="],

    "@orpc/standard-server": ["@orpc/standard-server@1.8.9", "", { "dependencies": { "@orpc/shared": "1.8.9" } }, "sha512-NuF8j9KzCYUCZF5UKS2QN/HIfg98OR+3bIxqXhHk361Wa10xAaJOVKYEgjnU/ZGCnhPGPWPhFvhbujGcKC4OWw=="],

    "@orpc/standard-server-aws-lambda": ["@orpc/standard-server-aws-lambda@1.8.9", "", { "dependencies": { "@orpc/shared": "1.8.9", "@orpc/standard-server": "1.8.9", "@orpc/standard-server-fetch": "1.8.9", "@orpc/standard-server-node": "1.8.9" } }, "sha512-JeGp55LnEn+CcfaBZSKqKxDY86EsT9yYeeav/Tm0vTIP0/4ygqj8e9Ogq0LnapB65n4FyWkdH/j/Z73vCtBYqg=="],

    "@orpc/standard-server-fetch": ["@orpc/standard-server-fetch@1.8.9", "", { "dependencies": { "@orpc/shared": "1.8.9", "@orpc/standard-server": "1.8.9" } }, "sha512-Z8Jk/F2jhqWcFOtd8YnCU81FWrI6ToXUivUkXgJ4ebMvD1yd53BdpdOLkQYpS0p6xwkAGT9Ox12wfUZ0P0VIQg=="],

    "@orpc/standard-server-node": ["@orpc/standard-server-node@1.8.9", "", { "dependencies": { "@orpc/shared": "1.8.9", "@orpc/standard-server": "1.8.9", "@orpc/standard-server-fetch": "1.8.9" } }, "sha512-ITnuI75OUKGmNAIaDMRdw8nDSzXi1bDzdDENK0e4bEWIM2+mtmnpnpzt3tHUBW6e4yVQtiF/BjFAnQ9caLXxWA=="],

    "@orpc/standard-server-peer": ["@orpc/standard-server-peer@1.8.9", "", { "dependencies": { "@orpc/shared": "1.8.9", "@orpc/standard-server": "1.8.9" } }, "sha512-ELM2+wYxJ3++UGsQY2jnnXFpJHEvZcTICLiHr7gkLSAZH6W674KqaiWjd4Zkx9n2o2wUAJJ3RP3kvssAVKoD2A=="],

    "@orpc/tanstack-query": ["@orpc/tanstack-query@1.8.9", "", { "dependencies": { "@orpc/shared": "1.8.9" }, "peerDependencies": { "@orpc/client": "1.8.9", "@tanstack/query-core": ">=5.80.2" } }, "sha512-aH78ohwiKRR1AbVAOct+wgg2Mj+ZShYWCwYy4IXl9NXHVu2WyhVjcrJRdJiqkqW/OA440keAELnkjTgyAlvTdw=="],

    "@standard-schema/spec": ["@standard-schema/spec@1.0.0", "", {}, "sha512-m2bOd0f2RT9k8QJx1JN85cZYyH1RqFBdlwtkSlf4tBDYLCiiZnv1fIIwacK6cqwXavOydf0NPToMQgpKq+dVlA=="],

    "@tanstack/query-core": ["@tanstack/query-core@5.90.2", "", {}, "sha512-k/TcR3YalnzibscALLwxeiLUub6jN5EDLwKDiO7q5f4ICEoptJ+n9+7vcEFy5/x/i6Q+Lb/tXrsKCggf5uQJXQ=="],

    "@tanstack/react-query": ["@tanstack/react-query@5.90.2", "", { "dependencies": { "@tanstack/query-core": "5.90.2" }, "peerDependencies": { "react": "^18 || ^19" } }, "sha512-CLABiR+h5PYfOWr/z+vWFt5VsOA2ekQeRQBFSKlcoW6Ndx/f8rfyVmq4LbgOM4GG2qtxAxjLYLOpCNTYm4uKzw=="],

    "@types/bun": ["@types/bun@1.2.22", "", { "dependencies": { "bun-types": "1.2.22" } }, "sha512-5A/KrKos2ZcN0c6ljRSOa1fYIyCKhZfIVYeuyb4snnvomnpFqC0tTsEkdqNxbAgExV384OETQ//WAjl3XbYqQA=="],

    "@types/node": ["@types/node@24.5.2", "", { "dependencies": { "undici-types": "~7.12.0" } }, "sha512-FYxk1I7wPv3K2XBaoyH2cTnocQEu8AOZ60hPbsyukMPLv5/5qr7V1i8PLHdl6Zf87I+xZXFvPCXYjiTFq+YSDQ=="],

    "@types/react": ["@types/react@19.1.13", "", { "dependencies": { "csstype": "^3.0.2" } }, "sha512-hHkbU/eoO3EG5/MZkuFSKmYqPbSVk5byPFa3e7y/8TybHiLMACgI8seVYlicwk7H5K/rI2px9xrQp/C+AUDTiQ=="],

    "bun-types": ["bun-types@1.2.22", "", { "dependencies": { "@types/node": "*" }, "peerDependencies": { "@types/react": "^19" } }, "sha512-hwaAu8tct/Zn6Zft4U9BsZcXkYomzpHJX28ofvx7k0Zz2HNz54n1n+tDgxoWFGB4PcFvJXJQloPhaV2eP3Q6EA=="],

    "client": ["client@workspace:client"],

    "cookie": ["cookie@1.0.2", "", {}, "sha512-9Kr/j4O16ISv8zBBhJoi4bXOYNTkFLOqSL3UDB0njXxCXNezjeyVrJyGOWtgfs/q2km1gwBcfH8q1yEGoMYunA=="],

    "csstype": ["csstype@3.1.3", "", {}, "sha512-M1uQkMl8rQK/szD0LNhtqxIPLpimGm8sOBwU7lLnCpSbTyY3yeU1Vc7l4KT5zT4s/yOxHH5O7tIuuLOCnLADRw=="],

    "openapi-types": ["openapi-types@12.1.3", "", {}, "sha512-N4YtSYJqghVu4iek2ZUvcN/0aqH1kRDuNqzcycDxhOUpg7GdvLa2F3DgS6yBNhInhv2r/6I0Flkn7CqL8+nIcw=="],

    "radash": ["radash@12.1.1", "", {}, "sha512-h36JMxKRqrAxVD8201FrCpyeNuUY9Y5zZwujr20fFO77tpUtGa6EZzfKw/3WaiBX95fq7+MpsuMLNdSnORAwSA=="],

    "react": ["react@19.1.1", "", {}, "sha512-w8nqGImo45dmMIfljjMwOGtbmC/mk4CMYhWIicdSflH91J9TyCyczcPFXJzrZ/ZXcgGRFeP6BU0BEJTw6tZdfQ=="],

    "react-dom": ["react-dom@19.1.1", "", { "dependencies": { "scheduler": "^0.26.0" }, "peerDependencies": { "react": "^19.1.1" } }, "sha512-Dlq/5LAZgF0Gaz6yiqZCf6VCcZs1ghAJyrsu84Q/GT0gV+mCxbfmKNoGRKBYMJ8IEdGPqu49YWXD02GCknEDkw=="],

    "scheduler": ["scheduler@0.26.0", "", {}, "sha512-NlHwttCI/l5gCPR3D1nNXtWABUmBwvZpEQiD4IXSbIDq8BzLIK/7Ir5gTFSGZDUu37K5cMNp0hFtzO38sC7gWA=="],

    "server": ["server@workspace:server"],

    "turbo": ["turbo@2.5.6", "", { "optionalDependencies": { "turbo-darwin-64": "2.5.6", "turbo-darwin-arm64": "2.5.6", "turbo-linux-64": "2.5.6", "turbo-linux-arm64": "2.5.6", "turbo-windows-64": "2.5.6", "turbo-windows-arm64": "2.5.6" }, "bin": { "turbo": "bin/turbo" } }, "sha512-gxToHmi9oTBNB05UjUsrWf0OyN5ZXtD0apOarC1KIx232Vp3WimRNy3810QzeNSgyD5rsaIDXlxlbnOzlouo+w=="],

    "turbo-darwin-64": ["turbo-darwin-64@2.5.6", "", { "os": "darwin", "cpu": "x64" }, "sha512-3C1xEdo4aFwMJAPvtlPqz1Sw/+cddWIOmsalHFMrsqqydcptwBfu26WW2cDm3u93bUzMbBJ8k3zNKFqxJ9ei2A=="],

    "turbo-darwin-arm64": ["turbo-darwin-arm64@2.5.6", "", { "os": "darwin", "cpu": "arm64" }, "sha512-LyiG+rD7JhMfYwLqB6k3LZQtYn8CQQUePbpA8mF/hMLPAekXdJo1g0bUPw8RZLwQXUIU/3BU7tXENvhSGz5DPA=="],

    "turbo-linux-64": ["turbo-linux-64@2.5.6", "", { "os": "linux", "cpu": "x64" }, "sha512-GOcUTT0xiT/pSnHL4YD6Yr3HreUhU8pUcGqcI2ksIF9b2/r/kRHwGFcsHgpG3+vtZF/kwsP0MV8FTlTObxsYIA=="],

    "turbo-linux-arm64": ["turbo-linux-arm64@2.5.6", "", { "os": "linux", "cpu": "arm64" }, "sha512-10Tm15bruJEA3m0V7iZcnQBpObGBcOgUcO+sY7/2vk1bweW34LMhkWi8svjV9iDF68+KJDThnYDlYE/bc7/zzQ=="],

    "turbo-windows-64": ["turbo-windows-64@2.5.6", "", { "os": "win32", "cpu": "x64" }, "sha512-FyRsVpgaj76It0ludwZsNN40ytHN+17E4PFJyeliBEbxrGTc5BexlXVpufB7XlAaoaZVxbS6KT8RofLfDRyEPg=="],

    "turbo-windows-arm64": ["turbo-windows-arm64@2.5.6", "", { "os": "win32", "cpu": "arm64" }, "sha512-j/tWu8cMeQ7HPpKri6jvKtyXg9K1gRyhdK4tKrrchH8GNHscPX/F71zax58yYtLRWTiK04zNzPcUJuoS0+v/+Q=="],

    "type-fest": ["type-fest@4.41.0", "", {}, "sha512-TeTSQ6H5YHvpqVwBRcnLDCBnDOHWYu7IvGbHT6N8AOymcr9PJGjc1GTtiWZTYg0NCgYwvnYWEkVChQAr9bjfwA=="],

    "typescript": ["typescript@5.9.2", "", { "bin": { "tsc": "bin/tsc", "tsserver": "bin/tsserver" } }, "sha512-CWBzXQrc/qOkhidw1OzBTQuYRbfyxDXJMVJ1XNwUHGROVmuaeiEm3OslpZ1RV96d7SKKjZKrSJu3+t/xlw3R9A=="],

    "undici-types": ["undici-types@7.12.0", "", {}, "sha512-goOacqME2GYyOZZfb5Lgtu+1IDmAlAEu5xnD3+xTzS10hT0vzpf0SPjkXwAw9Jm+4n/mQGDP3LO8CPbYROeBfQ=="],

    "zod": ["zod@4.1.11", "", {}, "sha512-WPsqwxITS2tzx1bzhIKsEs19ABD5vmCVa4xBo2tq/SrV4RNZtfws1EnCWQXM6yh8bD08a1idvkB5MZSBiZsjwg=="],
  }
}
