{
  "lockfileVersion": 1,
  "workspaces": {
    "": {
      "name": "app",
      "devDependencies": {
        "@biomejs/biome": "2.2.4",
        "@types/bun": "latest",
        "turbo": "^2.5.6",
      },
      "peerDependencies": {
        "typescript": "^5",
      },
    },
    "client": {
      "name": "client",
      "version": "0.0.0",
      "dependencies": {
        "@orpc/client": "^1.8.9",
        "@orpc/tanstack-query": "^1.8.9",
        "@tanstack/react-query": "^5.90.1",
        "react": "^19.1.1",
        "react-dom": "^19.1.1",
      },
    },
    "server": {
      "name": "server",
      "version": "0.0.0",
      "dependencies": {
        "@orpc/server": "^1.8.9",
        "@trpc/tanstack-react-query": "^11.5.1",
        "zod": "^4.1.11",
      },
      "peerDependencies": {
        "typescript": "^5.8.3",
      },
    },
  },
  "packages": {
    "@biomejs/biome": ["@biomejs/biome@2.2.4", "", { "optionalDependencies": { "@biomejs/cli-darwin-arm64": "2.2.4", "@biomejs/cli-darwin-x64": "2.2.4", "@biomejs/cli-linux-arm64": "2.2.4", "@biomejs/cli-linux-arm64-musl": "2.2.4", "@biomejs/cli-linux-x64": "2.2.4", "@biomejs/cli-linux-x64-musl": "2.2.4", "@biomejs/cli-win32-arm64": "2.2.4", "@biomejs/cli-win32-x64": "2.2.4" }, "bin": { "biome": "bin/biome" } }, "sha512-TBHU5bUy/Ok6m8c0y3pZiuO/BZoY/OcGxoLlrfQof5s8ISVwbVBdFINPQZyFfKwil8XibYWb7JMwnT8wT4WVPg=="],

    "@biomejs/cli-darwin-arm64": ["@biomejs/cli-darwin-arm64@2.2.4", "", { "os": "darwin", "cpu": "arm64" }, "sha512-RJe2uiyaloN4hne4d2+qVj3d3gFJFbmrr5PYtkkjei1O9c+BjGXgpUPVbi8Pl8syumhzJjFsSIYkcLt2VlVLMA=="],

    "@biomejs/cli-darwin-x64": ["@biomejs/cli-darwin-x64@2.2.4", "", { "os": "darwin", "cpu": "x64" }, "sha512-cFsdB4ePanVWfTnPVaUX+yr8qV8ifxjBKMkZwN7gKb20qXPxd/PmwqUH8mY5wnM9+U0QwM76CxFyBRJhC9tQwg=="],

    "@biomejs/cli-linux-arm64": ["@biomejs/cli-linux-arm64@2.2.4", "", { "os": "linux", "cpu": "arm64" }, "sha512-M/Iz48p4NAzMXOuH+tsn5BvG/Jb07KOMTdSVwJpicmhN309BeEyRyQX+n1XDF0JVSlu28+hiTQ2L4rZPvu7nMw=="],

    "@biomejs/cli-linux-arm64-musl": ["@biomejs/cli-linux-arm64-musl@2.2.4", "", { "os": "linux", "cpu": "arm64" }, "sha512-7TNPkMQEWfjvJDaZRSkDCPT/2r5ESFPKx+TEev+I2BXDGIjfCZk2+b88FOhnJNHtksbOZv8ZWnxrA5gyTYhSsQ=="],

    "@biomejs/cli-linux-x64": ["@biomejs/cli-linux-x64@2.2.4", "", { "os": "linux", "cpu": "x64" }, "sha512-orr3nnf2Dpb2ssl6aihQtvcKtLySLta4E2UcXdp7+RTa7mfJjBgIsbS0B9GC8gVu0hjOu021aU8b3/I1tn+pVQ=="],

    "@biomejs/cli-linux-x64-musl": ["@biomejs/cli-linux-x64-musl@2.2.4", "", { "os": "linux", "cpu": "x64" }, "sha512-m41nFDS0ksXK2gwXL6W6yZTYPMH0LughqbsxInSKetoH6morVj43szqKx79Iudkp8WRT5SxSh7qVb8KCUiewGg=="],

    "@biomejs/cli-win32-arm64": ["@biomejs/cli-win32-arm64@2.2.4", "", { "os": "win32", "cpu": "arm64" }, "sha512-NXnfTeKHDFUWfxAefa57DiGmu9VyKi0cDqFpdI+1hJWQjGJhJutHPX0b5m+eXvTKOaf+brU+P0JrQAZMb5yYaQ=="],

    "@biomejs/cli-win32-x64": ["@biomejs/cli-win32-x64@2.2.4", "", { "os": "win32", "cpu": "x64" }, "sha512-3Y4V4zVRarVh/B/eSHczR4LYoSVyv3Dfuvm3cWs5w/HScccS0+Wt/lHOcDTRYeHjQmMYVC3rIRWqyN2EI52+zg=="],

    "@orpc/client": ["@orpc/client@1.9.0", "", { "dependencies": { "@orpc/shared": "1.9.0", "@orpc/standard-server": "1.9.0", "@orpc/standard-server-fetch": "1.9.0", "@orpc/standard-server-peer": "1.9.0" } }, "sha512-EkSzVSmXAUZWDCsT/n+lmD1ghf+/rnb3sPR8+Lr42d1YPt7OL7JciSMGt0pTOaVYjX1VLUMZ6i/FtnPDG1A2og=="],

    "@orpc/contract": ["@orpc/contract@1.9.0", "", { "dependencies": { "@orpc/client": "1.9.0", "@orpc/shared": "1.9.0", "@standard-schema/spec": "^1.0.0", "openapi-types": "^12.1.3" } }, "sha512-MfhQMWEZtHUI/Xz0AdOjAUHz2uH8qxS+XhOvCaPScLw7oyezhxDwQrXE30PTMKrb5IQQvMrzKPWvIvxgs7bQWQ=="],

    "@orpc/interop": ["@orpc/interop@1.9.0", "", {}, "sha512-BDOJggDMWOIqHi0r4YUH4TFUfad6zreP0cFgsjkLcMwYaIzgHINaA2Tzf21lLims/gksL8qsnkX8NCYZeGknuA=="],

    "@orpc/server": ["@orpc/server@1.9.0", "", { "dependencies": { "@orpc/client": "1.9.0", "@orpc/contract": "1.9.0", "@orpc/interop": "1.9.0", "@orpc/shared": "1.9.0", "@orpc/standard-server": "1.9.0", "@orpc/standard-server-aws-lambda": "1.9.0", "@orpc/standard-server-fetch": "1.9.0", "@orpc/standard-server-node": "1.9.0", "@orpc/standard-server-peer": "1.9.0", "cookie": "^1.0.2" }, "peerDependencies": { "crossws": ">=0.3.4", "ws": ">=8.18.1" }, "optionalPeers": ["crossws", "ws"] }, "sha512-Y00wK3RuMq5d4AC+Qj6yZBRgnpw0y/sq3kML3MGyxCbNOzh9DYAuAC3aFUUDVj20PhASAOckgXnquNmqBaeKxA=="],

    "@orpc/shared": ["@orpc/shared@1.9.0", "", { "dependencies": { "radash": "^12.1.1", "type-fest": "^5.0.1" }, "peerDependencies": { "@opentelemetry/api": ">=1.9.0" }, "optionalPeers": ["@opentelemetry/api"] }, "sha512-Aa67z0TzppHksEnzZuaIlXdx202OMfLZsFBmnjzej8ObwZ7RLVF1B5L11IcQJSiO4IU7RGa5fW2J0BSAbMZOkQ=="],

    "@orpc/standard-server": ["@orpc/standard-server@1.9.0", "", { "dependencies": { "@orpc/shared": "1.9.0" } }, "sha512-qgeznH8eiiVld5mHEHkdliXgoXAdaDdJXCNMItNqk2Y/8uknsyONPvbgh5KVVPLWNtosO4EqNHWPozDi+BdzPw=="],

    "@orpc/standard-server-aws-lambda": ["@orpc/standard-server-aws-lambda@1.9.0", "", { "dependencies": { "@orpc/shared": "1.9.0", "@orpc/standard-server": "1.9.0", "@orpc/standard-server-fetch": "1.9.0", "@orpc/standard-server-node": "1.9.0" } }, "sha512-LMq9Yd8143FNwbnLNarm8Ze/ECR40HaMLTFhs5OH5f1zZuVtLUBQFpXFpFnYekPtzbzxKgpQ16VRXsHJ02Z2KA=="],

    "@orpc/standard-server-fetch": ["@orpc/standard-server-fetch@1.9.0", "", { "dependencies": { "@orpc/shared": "1.9.0", "@orpc/standard-server": "1.9.0" } }, "sha512-ZT7GhCnRD4T3FCpT7zihte1Nkl4JxO68snEe1Ld2UF5pp5ktqZr2yq9BTDU0jHDBcseB/4YIfSEMWIJPr6TAkw=="],

    "@orpc/standard-server-node": ["@orpc/standard-server-node@1.9.0", "", { "dependencies": { "@orpc/shared": "1.9.0", "@orpc/standard-server": "1.9.0", "@orpc/standard-server-fetch": "1.9.0" } }, "sha512-WwFVGZ8kDxLuR/1Zp9V4qp+umOGyRnqeN4PUkyDJlY7sU4p+W9aVusIrf4lfMCKzCaOoQ9uO9eW6yY1FwyorhQ=="],

    "@orpc/standard-server-peer": ["@orpc/standard-server-peer@1.9.0", "", { "dependencies": { "@orpc/shared": "1.9.0", "@orpc/standard-server": "1.9.0" } }, "sha512-Y4cxNN3JDFywuUHPqEAqHAh5HQj2bY5Gc4LmFTH0MViIiKgTKBg0grAagPDexzHHREZMz2XYlReJMDVCOLiqOg=="],

    "@orpc/tanstack-query": ["@orpc/tanstack-query@1.9.0", "", { "dependencies": { "@orpc/shared": "1.9.0" }, "peerDependencies": { "@orpc/client": "1.9.0", "@tanstack/query-core": ">=5.80.2" } }, "sha512-qN/wJqu0wLPnbjEmZxRRQYOkaDV/NppARrRW5OMc6RLQGZqmOYdiotMc0XKLn1BRS/YXJqm3o3czpW8kKKtaGw=="],

    "@standard-schema/spec": ["@standard-schema/spec@1.0.0", "", {}, "sha512-m2bOd0f2RT9k8QJx1JN85cZYyH1RqFBdlwtkSlf4tBDYLCiiZnv1fIIwacK6cqwXavOydf0NPToMQgpKq+dVlA=="],

    "@tanstack/query-core": ["@tanstack/query-core@5.90.2", "", {}, "sha512-k/TcR3YalnzibscALLwxeiLUub6jN5EDLwKDiO7q5f4ICEoptJ+n9+7vcEFy5/x/i6Q+Lb/tXrsKCggf5uQJXQ=="],

    "@tanstack/react-query": ["@tanstack/react-query@5.90.2", "", { "dependencies": { "@tanstack/query-core": "5.90.2" }, "peerDependencies": { "react": "^18 || ^19" } }, "sha512-CLABiR+h5PYfOWr/z+vWFt5VsOA2ekQeRQBFSKlcoW6Ndx/f8rfyVmq4LbgOM4GG2qtxAxjLYLOpCNTYm4uKzw=="],

    "@trpc/client": ["@trpc/client@11.5.1", "", { "peerDependencies": { "@trpc/server": "11.5.1", "typescript": ">=5.7.2" } }, "sha512-7I6JJ1I1lxv3S87ht3FAIZi0XxQa7hnQ9K+Oo5BH7cGO8ZtWe9Ftq6ItdkuDfpsnsRPcR2h158AMWbNs/iptqg=="],

    "@trpc/server": ["@trpc/server@11.5.1", "", { "peerDependencies": { "typescript": ">=5.7.2" } }, "sha512-KIDzHRS5m8U1ncPwjgtOtPWK9lNO0kYL7b+lnvKXRqowSAQIEC/z6y7g/dkt4Aqv3DKI/STLydt2/afrP1QrxQ=="],

    "@trpc/tanstack-react-query": ["@trpc/tanstack-react-query@11.5.1", "", { "peerDependencies": { "@tanstack/react-query": "^5.80.3", "@trpc/client": "11.5.1", "@trpc/server": "11.5.1", "react": ">=18.2.0", "react-dom": ">=18.2.0", "typescript": ">=5.7.2" } }, "sha512-1irzKOXhasMq09pHvLqJPTTwaEULIoNfFtoeLNkLnOVHLGvfHkS9qvpVjinRyW1aiQi7OqFDeaUDrQhtbP6tVA=="],

    "@types/bun": ["@types/bun@1.2.22", "", { "dependencies": { "bun-types": "1.2.22" } }, "sha512-5A/KrKos2ZcN0c6ljRSOa1fYIyCKhZfIVYeuyb4snnvomnpFqC0tTsEkdqNxbAgExV384OETQ//WAjl3XbYqQA=="],

    "@types/node": ["@types/node@24.5.2", "", { "dependencies": { "undici-types": "~7.12.0" } }, "sha512-FYxk1I7wPv3K2XBaoyH2cTnocQEu8AOZ60hPbsyukMPLv5/5qr7V1i8PLHdl6Zf87I+xZXFvPCXYjiTFq+YSDQ=="],

    "@types/react": ["@types/react@19.1.13", "", { "dependencies": { "csstype": "^3.0.2" } }, "sha512-hHkbU/eoO3EG5/MZkuFSKmYqPbSVk5byPFa3e7y/8TybHiLMACgI8seVYlicwk7H5K/rI2px9xrQp/C+AUDTiQ=="],

    "bun-types": ["bun-types@1.2.22", "", { "dependencies": { "@types/node": "*" }, "peerDependencies": { "@types/react": "^19" } }, "sha512-hwaAu8tct/Zn6Zft4U9BsZcXkYomzpHJX28ofvx7k0Zz2HNz54n1n+tDgxoWFGB4PcFvJXJQloPhaV2eP3Q6EA=="],

    "client": ["client@workspace:client"],

    "cookie": ["cookie@1.0.2", "", {}, "sha512-9Kr/j4O16ISv8zBBhJoi4bXOYNTkFLOqSL3UDB0njXxCXNezjeyVrJyGOWtgfs/q2km1gwBcfH8q1yEGoMYunA=="],

    "csstype": ["csstype@3.1.3", "", {}, "sha512-M1uQkMl8rQK/szD0LNhtqxIPLpimGm8sOBwU7lLnCpSbTyY3yeU1Vc7l4KT5zT4s/yOxHH5O7tIuuLOCnLADRw=="],

    "openapi-types": ["openapi-types@12.1.3", "", {}, "sha512-N4YtSYJqghVu4iek2ZUvcN/0aqH1kRDuNqzcycDxhOUpg7GdvLa2F3DgS6yBNhInhv2r/6I0Flkn7CqL8+nIcw=="],

    "radash": ["radash@12.1.1", "", {}, "sha512-h36JMxKRqrAxVD8201FrCpyeNuUY9Y5zZwujr20fFO77tpUtGa6EZzfKw/3WaiBX95fq7+MpsuMLNdSnORAwSA=="],

    "react": ["react@19.1.1", "", {}, "sha512-w8nqGImo45dmMIfljjMwOGtbmC/mk4CMYhWIicdSflH91J9TyCyczcPFXJzrZ/ZXcgGRFeP6BU0BEJTw6tZdfQ=="],

    "react-dom": ["react-dom@19.1.1", "", { "dependencies": { "scheduler": "^0.26.0" }, "peerDependencies": { "react": "^19.1.1" } }, "sha512-Dlq/5LAZgF0Gaz6yiqZCf6VCcZs1ghAJyrsu84Q/GT0gV+mCxbfmKNoGRKBYMJ8IEdGPqu49YWXD02GCknEDkw=="],

    "scheduler": ["scheduler@0.26.0", "", {}, "sha512-NlHwttCI/l5gCPR3D1nNXtWABUmBwvZpEQiD4IXSbIDq8BzLIK/7Ir5gTFSGZDUu37K5cMNp0hFtzO38sC7gWA=="],

    "server": ["server@workspace:server"],

    "tagged-tag": ["tagged-tag@1.0.0", "", {}, "sha512-yEFYrVhod+hdNyx7g5Bnkkb0G6si8HJurOoOEgC8B/O0uXLHlaey/65KRv6cuWBNhBgHKAROVpc7QyYqE5gFng=="],

    "turbo": ["turbo@2.5.7", "", { "optionalDependencies": { "turbo-darwin-64": "2.5.7", "turbo-darwin-arm64": "2.5.7", "turbo-linux-64": "2.5.7", "turbo-linux-arm64": "2.5.7", "turbo-windows-64": "2.5.7", "turbo-windows-arm64": "2.5.7" }, "bin": { "turbo": "bin/turbo" } }, "sha512-13o+6FDe8yDUL7TpocHWw6jQBKmmVOvi5cMemkmjYsuu5tG8hylYudsfOzPsybz4VGzPDoyyr4+nNS82HgqxBw=="],

    "turbo-darwin-64": ["turbo-darwin-64@2.5.7", "", { "os": "darwin", "cpu": "x64" }, "sha512-c7QvEnTuBjKcw7HvVIoAe0qrmKlUgF2xYGnewICfvwruOpjGcKMKhDLiqZqbkYytr4eCgXTku4UCarVABsM9KA=="],

    "turbo-darwin-arm64": ["turbo-darwin-arm64@2.5.7", "", { "os": "darwin", "cpu": "arm64" }, "sha512-3IqKiAxNHny58KPK5Ok462WTTBzedeOtpnb/Yt4VsgvOhe85YFzqiRuor35+704wv52dPa2qudI3MFj3YWmwkQ=="],

    "turbo-linux-64": ["turbo-linux-64@2.5.7", "", { "os": "linux", "cpu": "x64" }, "sha512-4mHvDIzcIibmP/6mUz//dsocUB5kKRKRoiEblwPho9CmDAdygDC4wIXH+G8AGTM2eagrBRYiuQhHGlvoqmkFqA=="],

    "turbo-linux-arm64": ["turbo-linux-arm64@2.5.7", "", { "os": "linux", "cpu": "arm64" }, "sha512-tIwIeiGk4vZkGVambP++teCBChGdhKyZ5wErfSRacYcBHMo2dqT2qFXUlhY7ENzgBUxZX6mO6OHptTb59xrmOw=="],

    "turbo-windows-64": ["turbo-windows-64@2.5.7", "", { "os": "win32", "cpu": "x64" }, "sha512-N8hmV/1YyBCTuPSP+ymquWQM+JXsPbBDcNTzbVkgtLGqskAubon/07lw6w6InJe+2XpW7cLkCkiOlzOzrXYODg=="],

    "turbo-windows-arm64": ["turbo-windows-arm64@2.5.7", "", { "os": "win32", "cpu": "arm64" }, "sha512-Sp2RjE6NiJESSyml+skPU6Dn8U4Gc+DPQzOCyYSuIp/XflWV13xRCrhefH+Gf/KA3qi+m9IDRAT3VAKhXQtAWg=="],

    "type-fest": ["type-fest@5.0.1", "", { "dependencies": { "tagged-tag": "^1.0.0" } }, "sha512-9MpwAI52m8H6ssA542UxSLnSiSD2dsC3/L85g6hVubLSXd82wdI80eZwTWhdOfN67NlA+D+oipAs1MlcTcu3KA=="],

    "typescript": ["typescript@5.9.2", "", { "bin": { "tsc": "bin/tsc", "tsserver": "bin/tsserver" } }, "sha512-CWBzXQrc/qOkhidw1OzBTQuYRbfyxDXJMVJ1XNwUHGROVmuaeiEm3OslpZ1RV96d7SKKjZKrSJu3+t/xlw3R9A=="],

    "undici-types": ["undici-types@7.12.0", "", {}, "sha512-goOacqME2GYyOZZfb5Lgtu+1IDmAlAEu5xnD3+xTzS10hT0vzpf0SPjkXwAw9Jm+4n/mQGDP3LO8CPbYROeBfQ=="],

    "zod": ["zod@4.1.11", "", {}, "sha512-WPsqwxITS2tzx1bzhIKsEs19ABD5vmCVa4xBo2tq/SrV4RNZtfws1EnCWQXM6yh8bD08a1idvkB5MZSBiZsjwg=="],
  }
}
