{
	"name": "app",
	"lockfileVersion": 3,
	"requires": true,
	"packages": {
		"": {
			"name": "app",
			"workspaces": [
				"client",
				"server"
			],
			"devDependencies": {
				"@biomejs/biome": "2.2.4",
				"@types/bun": "latest",
				"turbo": "^2.5.6"
			},
			"engines": {
				"bun": ">= 1.2.22",
				"node": "please-use-bun",
				"npm": "please-use-bun",
				"yarn": "please-use-bun"
			},
			"peerDependencies": {
				"typescript": "^5"
			}
		},
		"client": {
			"version": "0.0.0",
			"dependencies": {
				"@orpc/client": "^1.8.9",
				"@orpc/tanstack-query": "^1.8.9",
				"@tanstack/react-query": "^5.90.1",
				"react": "^19.1.1",
				"react-dom": "^19.1.1"
			}
		},
		"node_modules/@biomejs/biome": {
			"version": "2.2.4",
			"dev": true,
			"license": "MIT OR Apache-2.0",
			"bin": {
				"biome": "bin/biome"
			},
			"engines": {
				"node": ">=14.21.3"
			},
			"funding": {
				"type": "opencollective",
				"url": "https://opencollective.com/biome"
			},
			"optionalDependencies": {
				"@biomejs/cli-darwin-arm64": "2.2.4",
				"@biomejs/cli-darwin-x64": "2.2.4",
				"@biomejs/cli-linux-arm64": "2.2.4",
				"@biomejs/cli-linux-arm64-musl": "2.2.4",
				"@biomejs/cli-linux-x64": "2.2.4",
				"@biomejs/cli-linux-x64-musl": "2.2.4",
				"@biomejs/cli-win32-arm64": "2.2.4",
				"@biomejs/cli-win32-x64": "2.2.4"
			}
		},
		"node_modules/@biomejs/cli-linux-x64": {
			"version": "2.2.4",
			"cpu": [
				"x64"
			],
			"dev": true,
			"license": "MIT OR Apache-2.0",
			"optional": true,
			"os": [
				"linux"
			],
			"engines": {
				"node": ">=14.21.3"
			}
		},
		"node_modules/@biomejs/cli-linux-x64-musl": {
			"version": "2.2.4",
			"cpu": [
				"x64"
			],
			"dev": true,
			"license": "MIT OR Apache-2.0",
			"optional": true,
			"os": [
				"linux"
			],
			"engines": {
				"node": ">=14.21.3"
			}
		},
		"node_modules/@orpc/client": {
			"version": "1.8.9",
			"license": "MIT",
			"dependencies": {
				"@orpc/shared": "1.8.9",
				"@orpc/standard-server": "1.8.9",
				"@orpc/standard-server-fetch": "1.8.9",
				"@orpc/standard-server-peer": "1.8.9"
			}
		},
		"node_modules/@orpc/contract": {
			"version": "1.8.9",
			"license": "MIT",
			"dependencies": {
				"@orpc/client": "1.8.9",
				"@orpc/shared": "1.8.9",
				"@standard-schema/spec": "^1.0.0",
				"openapi-types": "^12.1.3"
			}
		},
		"node_modules/@orpc/interop": {
			"version": "1.8.9",
			"license": "MIT"
		},
		"node_modules/@orpc/server": {
			"version": "1.8.9",
			"license": "MIT",
			"dependencies": {
				"@orpc/client": "1.8.9",
				"@orpc/contract": "1.8.9",
				"@orpc/interop": "1.8.9",
				"@orpc/shared": "1.8.9",
				"@orpc/standard-server": "1.8.9",
				"@orpc/standard-server-aws-lambda": "1.8.9",
				"@orpc/standard-server-fetch": "1.8.9",
				"@orpc/standard-server-node": "1.8.9",
				"@orpc/standard-server-peer": "1.8.9",
				"cookie": "^1.0.2"
			},
			"peerDependencies": {
				"crossws": ">=0.3.4",
				"ws": ">=8.18.1"
			},
			"peerDependenciesMeta": {
				"crossws": {
					"optional": true
				},
				"ws": {
					"optional": true
				}
			}
		},
		"node_modules/@orpc/shared": {
			"version": "1.8.9",
			"license": "MIT",
			"dependencies": {
				"radash": "^12.1.1",
				"type-fest": "^4.39.1"
			},
			"peerDependencies": {
				"@opentelemetry/api": ">=1.9.0"
			},
			"peerDependenciesMeta": {
				"@opentelemetry/api": {
					"optional": true
				}
			}
		},
		"node_modules/@orpc/standard-server": {
			"version": "1.8.9",
			"license": "MIT",
			"dependencies": {
				"@orpc/shared": "1.8.9"
			}
		},
		"node_modules/@orpc/standard-server-aws-lambda": {
			"version": "1.8.9",
			"license": "MIT",
			"dependencies": {
				"@orpc/shared": "1.8.9",
				"@orpc/standard-server": "1.8.9",
				"@orpc/standard-server-fetch": "1.8.9",
				"@orpc/standard-server-node": "1.8.9"
			}
		},
		"node_modules/@orpc/standard-server-fetch": {
			"version": "1.8.9",
			"license": "MIT",
			"dependencies": {
				"@orpc/shared": "1.8.9",
				"@orpc/standard-server": "1.8.9"
			}
		},
		"node_modules/@orpc/standard-server-node": {
			"version": "1.8.9",
			"license": "MIT",
			"dependencies": {
				"@orpc/shared": "1.8.9",
				"@orpc/standard-server": "1.8.9",
				"@orpc/standard-server-fetch": "1.8.9"
			}
		},
		"node_modules/@orpc/standard-server-peer": {
			"version": "1.8.9",
			"license": "MIT",
			"dependencies": {
				"@orpc/shared": "1.8.9",
				"@orpc/standard-server": "1.8.9"
			}
		},
		"node_modules/@orpc/tanstack-query": {
			"version": "1.8.9",
			"license": "MIT",
			"dependencies": {
				"@orpc/shared": "1.8.9"
			},
			"peerDependencies": {
				"@orpc/client": "1.8.9",
				"@tanstack/query-core": ">=5.80.2"
			}
		},
		"node_modules/@standard-schema/spec": {
			"version": "1.0.0",
			"license": "MIT"
		},
		"node_modules/@tanstack/query-core": {
			"version": "5.90.2",
			"license": "MIT",
			"funding": {
				"type": "github",
				"url": "https://github.com/sponsors/tannerlinsley"
			}
		},
		"node_modules/@tanstack/react-query": {
			"version": "5.90.2",
			"license": "MIT",
			"dependencies": {
				"@tanstack/query-core": "5.90.2"
			},
			"funding": {
				"type": "github",
				"url": "https://github.com/sponsors/tannerlinsley"
			},
			"peerDependencies": {
				"react": "^18 || ^19"
			}
		},
		"node_modules/@types/bun": {
			"version": "1.2.22",
			"resolved": "https://registry.npmjs.org/@types/bun/-/bun-1.2.22.tgz",
			"integrity": "sha512-5A/KrKos2ZcN0c6ljRSOa1fYIyCKhZfIVYeuyb4snnvomnpFqC0tTsEkdqNxbAgExV384OETQ//WAjl3XbYqQA==",
			"dev": true,
			"license": "MIT",
			"dependencies": {
				"bun-types": "1.2.22"
			}
		},
		"node_modules/@types/node": {
			"version": "24.5.2",
			"dev": true,
			"license": "MIT",
			"dependencies": {
				"undici-types": "~7.12.0"
			}
		},
		"node_modules/@types/react": {
			"version": "19.1.13",
			"dev": true,
			"license": "MIT",
			"peer": true,
			"dependencies": {
				"csstype": "^3.0.2"
			}
		},
		"node_modules/bun-types": {
			"version": "1.2.22",
			"dev": true,
			"license": "MIT",
			"dependencies": {
				"@types/node": "*"
			},
			"peerDependencies": {
				"@types/react": "^19"
			}
		},
		"node_modules/client": {
			"resolved": "client",
			"link": true
		},
		"node_modules/cookie": {
			"version": "1.0.2",
			"license": "MIT",
			"engines": {
				"node": ">=18"
			}
		},
		"node_modules/csstype": {
			"version": "3.1.3",
			"dev": true,
			"license": "MIT",
			"peer": true
		},
		"node_modules/openapi-types": {
			"version": "12.1.3",
			"license": "MIT"
		},
		"node_modules/radash": {
			"version": "12.1.1",
			"license": "MIT",
			"engines": {
				"node": ">=14.18.0"
			}
		},
		"node_modules/react": {
			"version": "19.1.1",
			"license": "MIT",
			"engines": {
				"node": ">=0.10.0"
			}
		},
		"node_modules/react-dom": {
			"version": "19.1.1",
			"license": "MIT",
			"dependencies": {
				"scheduler": "^0.26.0"
			},
			"peerDependencies": {
				"react": "^19.1.1"
			}
		},
		"node_modules/scheduler": {
			"version": "0.26.0",
			"license": "MIT"
		},
		"node_modules/server": {
			"resolved": "server",
			"link": true
		},
		"node_modules/turbo": {
			"version": "2.5.6",
			"dev": true,
			"license": "MIT",
			"bin": {
				"turbo": "bin/turbo"
			},
			"optionalDependencies": {
				"turbo-darwin-64": "2.5.6",
				"turbo-darwin-arm64": "2.5.6",
				"turbo-linux-64": "2.5.6",
				"turbo-linux-arm64": "2.5.6",
				"turbo-windows-64": "2.5.6",
				"turbo-windows-arm64": "2.5.6"
			}
		},
		"node_modules/turbo-linux-64": {
			"version": "2.5.6",
			"cpu": [
				"x64"
			],
			"dev": true,
			"license": "MIT",
			"optional": true,
			"os": [
				"linux"
			]
		},
		"node_modules/type-fest": {
			"version": "4.41.0",
			"license": "(MIT OR CC0-1.0)",
			"engines": {
				"node": ">=16"
			},
			"funding": {
				"url": "https://github.com/sponsors/sindresorhus"
			}
		},
		"node_modules/typescript": {
			"version": "5.9.2",
			"license": "Apache-2.0",
			"peer": true,
			"bin": {
				"tsc": "bin/tsc",
				"tsserver": "bin/tsserver"
			},
			"engines": {
				"node": ">=14.17"
			}
		},
		"node_modules/undici-types": {
			"version": "7.12.0",
			"dev": true,
			"license": "MIT"
		},
		"node_modules/zod": {
			"version": "4.1.11",
			"license": "MIT",
			"funding": {
				"url": "https://github.com/sponsors/colinhacks"
			}
		},
		"server": {
			"version": "0.0.0",
			"dependencies": {
				"@orpc/server": "^1.8.9",
				"zod": "^4.1.11"
			},
			"peerDependencies": {
				"typescript": "^5.8.3"
			}
		}
	}
}
